// !$*UTF8*$!
{
	archiveVersion = 1;
	classes = {
	};
	objectVersion = 48;
	objects = {

/* Begin PBXBuildFile section */
		B4881F501F4ADE9300F04719 /* AppDelegate.m in Sources */ = {isa = PBXBuildFile; fileRef = B4881F4F1F4ADE9300F04719 /* AppDelegate.m */; };
		B4881F531F4ADE9300F04719 /* ViewController.m in Sources */ = {isa = PBXBuildFile; fileRef = B4881F521F4ADE9300F04719 /* ViewController.m */; };
		B4881F561F4ADE9300F04719 /* Main.storyboard in Resources */ = {isa = PBXBuildFile; fileRef = B4881F541F4ADE9300F04719 /* Main.storyboard */; };
		B4881F581F4ADE9300F04719 /* Assets.xcassets in Resources */ = {isa = PBXBuildFile; fileRef = B4881F571F4ADE9300F04719 /* Assets.xcassets */; };
		B4881F5B1F4ADE9300F04719 /* LaunchScreen.storyboard in Resources */ = {isa = PBXBuildFile; fileRef = B4881F591F4ADE9300F04719 /* LaunchScreen.storyboard */; };
		B4881F5E1F4ADE9300F04719 /* main.m in Sources */ = {isa = PBXBuildFile; fileRef = B4881F5D1F4ADE9300F04719 /* main.m */; };
		B4C600231F4D281E00FBD9B6 /* ARSCNViewController.m in Sources */ = {isa = PBXBuildFile; fileRef = B4C600221F4D281E00FBD9B6 /* ARSCNViewController.m */; };
		B4C600251F4D29D000FBD9B6 /* Models.scnassets in Resources */ = {isa = PBXBuildFile; fileRef = B4C600241F4D285E00FBD9B6 /* Models.scnassets */; };
/* End PBXBuildFile section */

/* Begin PBXFileReference section */
		B4881F4B1F4ADE9300F04719 /* ARKitDemo.app */ = {isa = PBXFileReference; explicitFileType = wrapper.application; includeInIndex = 0; path = ARKitDemo.app; sourceTree = BUILT_PRODUCTS_DIR; };
		B4881F4E1F4ADE9300F04719 /* AppDelegate.h */ = {isa = PBXFileReference; lastKnownFileType = sourcecode.c.h; path = AppDelegate.h; sourceTree = "<group>"; };
		B4881F4F1F4ADE9300F04719 /* AppDelegate.m */ = {isa = PBXFileReference; lastKnownFileType = sourcecode.c.objc; path = AppDelegate.m; sourceTree = "<group>"; };
		B4881F511F4ADE9300F04719 /* ViewController.h */ = {isa = PBXFileReference; lastKnownFileType = sourcecode.c.h; path = ViewController.h; sourceTree = "<group>"; };
		B4881F521F4ADE9300F04719 /* ViewController.m */ = {isa = PBXFileReference; lastKnownFileType = sourcecode.c.objc; path = ViewController.m; sourceTree = "<group>"; };
		B4881F551F4ADE9300F04719 /* Base */ = {isa = PBXFileReference; lastKnownFileType = file.storyboard; name = Base; path = Base.lproj/Main.storyboard; sourceTree = "<group>"; };
		B4881F571F4ADE9300F04719 /* Assets.xcassets */ = {isa = PBXFileReference; lastKnownFileType = folder.assetcatalog; path = Assets.xcassets; sourceTree = "<group>"; };
		B4881F5A1F4ADE9300F04719 /* Base */ = {isa = PBXFileReference; lastKnownFileType = file.storyboard; name = Base; path = Base.lproj/LaunchScreen.storyboard; sourceTree = "<group>"; };
		B4881F5C1F4ADE9300F04719 /* Info.plist */ = {isa = PBXFileReference; lastKnownFileType = text.plist.xml; path = Info.plist; sourceTree = "<group>"; };
		B4881F5D1F4ADE9300F04719 /* main.m */ = {isa = PBXFileReference; lastKnownFileType = sourcecode.c.objc; path = main.m; sourceTree = "<group>"; };
		B4C600211F4D281E00FBD9B6 /* ARSCNViewController.h */ = {isa = PBXFileReference; lastKnownFileType = sourcecode.c.h; path = ARSCNViewController.h; sourceTree = "<group>"; };
		B4C600221F4D281E00FBD9B6 /* ARSCNViewController.m */ = {isa = PBXFileReference; lastKnownFileType = sourcecode.c.objc; path = ARSCNViewController.m; sourceTree = "<group>"; };
		B4C600241F4D285E00FBD9B6 /* Models.scnassets */ = {isa = PBXFileReference; lastKnownFileType = wrapper.scnassets; path = Models.scnassets; sourceTree = "<group>"; };
/* End PBXFileReference section */

/* Begin PBXFrameworksBuildPhase section */
		B4881F481F4ADE9300F04719 /* Frameworks */ = {
			isa = PBXFrameworksBuildPhase;
			buildActionMask = 2147483647;
			files = (
			);
			runOnlyForDeploymentPostprocessing = 0;
		};
/* End PBXFrameworksBuildPhase section */

/* Begin PBXGroup section */
		B4881F421F4ADE9300F04719 = {
			isa = PBXGroup;
			children = (
				B4881F4D1F4ADE9300F04719 /* ARKitDemo */,
				B4881F4C1F4ADE9300F04719 /* Products */,
			);
			sourceTree = "<group>";
		};
		B4881F4C1F4ADE9300F04719 /* Products */ = {
			isa = PBXGroup;
			children = (
				B4881F4B1F4ADE9300F04719 /* ARKitDemo.app */,
			);
			name = Products;
			sourceTree = "<group>";
		};
		B4881F4D1F4ADE9300F04719 /* ARKitDemo */ = {
			isa = PBXGroup;
			children = (
				B4C600241F4D285E00FBD9B6 /* Models.scnassets */,
				B4881F4E1F4ADE9300F04719 /* AppDelegate.h */,
				B4881F4F1F4ADE9300F04719 /* AppDelegate.m */,
				B4881F511F4ADE9300F04719 /* ViewController.h */,
				B4881F521F4ADE9300F04719 /* ViewController.m */,
				B4881F541F4ADE9300F04719 /* Main.storyboard */,
				B4881F571F4ADE9300F04719 /* Assets.xcassets */,
				B4881F591F4ADE9300F04719 /* LaunchScreen.storyboard */,
				B4881F5C1F4ADE9300F04719 /* Info.plist */,
				B4881F5D1F4ADE9300F04719 /* main.m */,
				B4C600211F4D281E00FBD9B6 /* ARSCNViewController.h */,
				B4C600221F4D281E00FBD9B6 /* ARSCNViewController.m */,
			);
			path = ARKitDemo;
			sourceTree = "<group>";
		};
/* End PBXGroup section */

/* Begin PBXNativeTarget section */
		B4881F4A1F4ADE9300F04719 /* ARKitDemo */ = {
			isa = PBXNativeTarget;
			buildConfigurationList = B4881F611F4ADE9300F04719 /* Build configuration list for PBXNativeTarget "ARKitDemo" */;
			buildPhases = (
				B4881F471F4ADE9300F04719 /* Sources */,
				B4881F481F4ADE9300F04719 /* Frameworks */,
				B4881F491F4ADE9300F04719 /* Resources */,
			);
			buildRules = (
			);
			dependencies = (
			);
			name = ARKitDemo;
			productName = ARKitDemo;
			productReference = B4881F4B1F4ADE9300F04719 /* ARKitDemo.app */;
			productType = "com.apple.product-type.application";
		};
/* End PBXNativeTarget section */

/* Begin PBXProject section */
		B4881F431F4ADE9300F04719 /* Project object */ = {
			isa = PBXProject;
			attributes = {
				LastUpgradeCheck = 0900;
				ORGANIZATIONNAME = iwenan;
				TargetAttributes = {
					B4881F4A1F4ADE9300F04719 = {
						CreatedOnToolsVersion = 9.0;
					};
				};
			};
			buildConfigurationList = B4881F461F4ADE9300F04719 /* Build configuration list for PBXProject "ARKitDemo" */;
			compatibilityVersion = "Xcode 8.0";
			developmentRegion = en;
			hasScannedForEncodings = 0;
			knownRegions = (
				en,
				Base,
			);
			mainGroup = B4881F421F4ADE9300F04719;
			productRefGroup = B4881F4C1F4ADE9300F04719 /* Products */;
			projectDirPath = "";
			projectRoot = "";
			targets = (
				B4881F4A1F4ADE9300F04719 /* ARKitDemo */,
			);
		};
/* End PBXProject section */

/* Begin PBXResourcesBuildPhase section */
		B4881F491F4ADE9300F04719 /* Resources */ = {
			isa = PBXResourcesBuildPhase;
			buildActionMask = 2147483647;
			files = (
				B4881F5B1F4ADE9300F04719 /* LaunchScreen.storyboard in Resources */,
				B4C600251F4D29D000FBD9B6 /* Models.scnassets in Resources */,
				B4881F581F4ADE9300F04719 /* Assets.xcassets in Resources */,
				B4881F561F4ADE9300F04719 /* Main.storyboard in Resources */,
			);
			runOnlyForDeploymentPostprocessing = 0;
		};
/* End PBXResourcesBuildPhase section */

/* Begin PBXSourcesBuildPhase section */
		B4881F471F4ADE9300F04719 /* Sources */ = {
			isa = PBXSourcesBuildPhase;
			buildActionMask = 2147483647;
			files = (
				B4881F531F4ADE9300F04719 /* ViewController.m in Sources */,
				B4881F5E1F4ADE9300F04719 /* main.m in Sources */,
				B4C600231F4D281E00FBD9B6 /* ARSCNViewController.m in Sources */,
				B4881F501F4ADE9300F04719 /* AppDelegate.m in Sources */,
			);
			runOnlyForDeploymentPostprocessing = 0;
		};
/* End PBXSourcesBuildPhase section */

/* Begin PBXVariantGroup section */
		B4881F541F4ADE9300F04719 /* Main.storyboard */ = {
			isa = PBXVariantGroup;
			children = (
				B4881F551F4ADE9300F04719 /* Base */,
			);
			name = Main.storyboard;
			sourceTree = "<group>";
		};
		B4881F591F4ADE9300F04719 /* LaunchScreen.storyboard */ = {
			isa = PBXVariantGroup;
			children = (
				B4881F5A1F4ADE9300F04719 /* Base */,
			);
			name = LaunchScreen.storyboard;
			sourceTree = "<group>";
		};
/* End PBXVariantGroup section */

/* Begin XCBuildConfiguration section */
		B4881F5F1F4ADE9300F04719 /* Debug */ = {
			isa = XCBuildConfiguration;
			buildSettings = {
				ALWAYS_SEARCH_USER_PATHS = NO;
				CLANG_ANALYZER_NONNULL = YES;
				CLANG_ANALYZER_NUMBER_OBJECT_CONVERSION = YES_AGGRESSIVE;
				CLANG_CXX_LANGUAGE_STANDARD = "gnu++14";
				CLANG_CXX_LIBRARY = "libc++";
				CLANG_ENABLE_MODULES = YES;
				CLANG_ENABLE_OBJC_ARC = YES;
				CLANG_WARN_BLOCK_CAPTURE_AUTORELEASING = YES;
				CLANG_WARN_BOOL_CONVERSION = YES;
				CLANG_WARN_COMMA = YES;
				CLANG_WARN_CONSTANT_CONVERSION = YES;
				CLANG_WARN_DIRECT_OBJC_ISA_USAGE = YES_ERROR;
				CLANG_WARN_DOCUMENTATION_COMMENTS = YES;
				CLANG_WARN_EMPTY_BODY = YES;
				CLANG_WARN_ENUM_CONVERSION = YES;
				CLANG_WARN_INFINITE_RECURSION = YES;
				CLANG_WARN_INT_CONVERSION = YES;
				CLANG_WARN_NON_LITERAL_NULL_CONVERSION = YES;
				CLANG_WARN_OBJC_LITERAL_CONVERSION = YES;
				CLANG_WARN_OBJC_ROOT_CLASS = YES_ERROR;
				CLANG_WARN_RANGE_LOOP_ANALYSIS = YES;
				CLANG_WARN_STRICT_PROTOTYPES = YES;
				CLANG_WARN_SUSPICIOUS_MOVE = YES;
				CLANG_WARN_UNGUARDED_AVAILABILITY = YES_AGGRESSIVE;
				CLANG_WARN_UNREACHABLE_CODE = YES;
				CLANG_WARN__DUPLICATE_METHOD_MATCH = YES;
				CODE_SIGN_IDENTITY = "iPhone Developer";
				COPY_PHASE_STRIP = NO;
				DEBUG_INFORMATION_FORMAT = dwarf;
				ENABLE_STRICT_OBJC_MSGSEND = YES;
				ENABLE_TESTABILITY = YES;
				GCC_C_LANGUAGE_STANDARD = gnu11;
				GCC_DYNAMIC_NO_PIC = NO;
				GCC_NO_COMMON_BLOCKS = YES;
				GCC_OPTIMIZATION_LEVEL = 0;
				GCC_PREPROCESSOR_DEFINITIONS = (
					"DEBUG=1",
					"$(inherited)",
				);
				GCC_WARN_64_TO_32_BIT_CONVERSION = YES;
				GCC_WARN_ABOUT_RETURN_TYPE = YES_ERROR;
				GCC_WARN_UNDECLARED_SELECTOR = YES;
				GCC_WARN_UNINITIALIZED_AUTOS = YES_AGGRESSIVE;
				GCC_WARN_UNUSED_FUNCTION = YES;
				GCC_WARN_UNUSED_VARIABLE = YES;
				IPHONEOS_DEPLOYMENT_TARGET = 11.0;
				MTL_ENABLE_DEBUG_INFO = YES;
				ONLY_ACTIVE_ARCH = YES;
				SDKROOT = iphoneos;
			};
			name = Debug;
		};
		B4881F601F4ADE9300F04719 /* Release */ = {
			isa = XCBuildConfiguration;
			buildSettings = {
				ALWAYS_SEARCH_USER_PATHS = NO;
				CLANG_ANALYZER_NONNULL = YES;
				CLANG_ANALYZER_NUMBER_OBJECT_CONVERSION = YES_AGGRESSIVE;
				CLANG_CXX_LANGUAGE_STANDARD = "gnu++14";
				CLANG_CXX_LIBRARY = "libc++";
				CLANG_ENABLE_MODULES = YES;
				CLANG_ENABLE_OBJC_ARC = YES;
				CLANG_WARN_BLOCK_CAPTURE_AUTORELEASING = YES;
				CLANG_WARN_BOOL_CONVERSION = YES;
				CLANG_WARN_COMMA = YES;
				CLANG_WARN_CONSTANT_CONVERSION = YES;
				CLANG_WARN_DIRECT_OBJC_ISA_USAGE = YES_ERROR;
				CLANG_WARN_DOCUMENTATION_COMMENTS = YES;
				CLANG_WARN_EMPTY_BODY = YES;
				CLANG_WARN_ENUM_CONVERSION = YES;
				CLANG_WARN_INFINITE_RECURSION = YES;
				CLANG_WARN_INT_CONVERSION = YES;
				CLANG_WARN_NON_LITERAL_NULL_CONVERSION = YES;
				CLANG_WARN_OBJC_LITERAL_CONVERSION = YES;
				CLANG_WARN_OBJC_ROOT_CLASS = YES_ERROR;
				CLANG_WARN_RANGE_LOOP_ANALYSIS = YES;
				CLANG_WARN_STRICT_PROTOTYPES = YES;
				CLANG_WARN_SUSPICIOUS_MOVE = YES;
				CLANG_WARN_UNGUARDED_AVAILABILITY = YES_AGGRESSIVE;
				CLANG_WARN_UNREACHABLE_CODE = YES;
				CLANG_WARN__DUPLICATE_METHOD_MATCH = YES;
				CODE_SIGN_IDENTITY = "iPhone Developer";
				COPY_PHASE_STRIP = NO;
				DEBUG_INFORMATION_FORMAT = "dwarf-with-dsym";
				ENABLE_NS_ASSERTIONS = NO;
				ENABLE_STRICT_OBJC_MSGSEND = YES;
				GCC_C_LANGUAGE_STANDARD = gnu11;
				GCC_NO_COMMON_BLOCKS = YES;
				GCC_WARN_64_TO_32_BIT_CONVERSION = YES;
				GCC_WARN_ABOUT_RETURN_TYPE = YES_ERROR;
				GCC_WARN_UNDECLARED_SELECTOR = YES;
				GCC_WARN_UNINITIALIZED_AUTOS = YES_AGGRESSIVE;
				GCC_WARN_UNUSED_FUNCTION = YES;
				GCC_WARN_UNUSED_VARIABLE = YES;
				IPHONEOS_DEPLOYMENT_TARGET = 11.0;
				MTL_ENABLE_DEBUG_INFO = NO;
				SDKROOT = iphoneos;
				VALIDATE_PRODUCT = YES;
			};
			name = Release;
		};
		B4881F621F4ADE9300F04719 /* Debug */ = {
			isa = XCBuildConfiguration;
			buildSettings = {
				ASSETCATALOG_COMPILER_APPICON_NAME = AppIcon;
				DEVELOPMENT_TEAM = 6PN39WXB3R;
				INFOPLIST_FILE = ARKitDemo/Info.plist;
				LD_RUNPATH_SEARCH_PATHS = "$(inherited) @executable_path/Frameworks";
				PRODUCT_BUNDLE_IDENTIFIER = cn.taqu.test;
				PRODUCT_NAME = "$(TARGET_NAME)";
				TARGETED_DEVICE_FAMILY = "1,2";
			};
			name = Debug;
		};
		B4881F631F4ADE9300F04719 /* Release */ = {
			isa = XCBuildConfiguration;
			buildSettings = {
				ASSETCATALOG_COMPILER_APPICON_NAME = AppIcon;
				DEVELOPMENT_TEAM = 6PN39WXB3R;
				INFOPLIST_FILE = ARKitDemo/Info.plist;
				LD_RUNPATH_SEARCH_PATHS = "$(inherited) @executable_path/Frameworks";
				PRODUCT_BUNDLE_IDENTIFIER = cn.taqu.test;
				PRODUCT_NAME = "$(TARGET_NAME)";
				TARGETED_DEVICE_FAMILY = "1,2";
			};
			name = Release;
		};
/* End XCBuildConfiguration section */

/* Begin XCConfigurationList section */
		B4881F461F4ADE9300F04719 /* Build configuration list for PBXProject "ARKitDemo" */ = {
			isa = XCConfigurationList;
			buildConfigurations = (
				B4881F5F1F4ADE9300F04719 /* Debug */,
				B4881F601F4ADE9300F04719 /* Release */,
			);
			defaultConfigurationIsVisible = 0;
			defaultConfigurationName = Release;
		};
		B4881F611F4ADE9300F04719 /* Build configuration list for PBXNativeTarget "ARKitDemo" */ = {
			isa = XCConfigurationList;
			buildConfigurations = (
				B4881F621F4ADE9300F04719 /* Debug */,
				B4881F631F4ADE9300F04719 /* Release */,
			);
			defaultConfigurationIsVisible = 0;
			defaultConfigurationName = Release;
		};
/* End XCConfigurationList section */
	};
	rootObject = B4881F431F4ADE9300F04719 /* Project object */;
}
